// !$*UTF8*$!
{
	archiveVersion = 1;
	classes = {
	};
	objectVersion = 46;
	objects = {

/* Begin PBXBuildFile section */
		36F346B81AA5B81900AD801B /* main.m in Sources */ = {isa = PBXBuildFile; fileRef = 36F346B71AA5B81900AD801B /* main.m */; };
		36F346BB1AA5B81A00AD801B /* AppDelegate.m in Sources */ = {isa = PBXBuildFile; fileRef = 36F346BA1AA5B81A00AD801B /* AppDelegate.m */; };
		36F346BE1AA5B81A00AD801B /* ViewController.m in Sources */ = {isa = PBXBuildFile; fileRef = 36F346BD1AA5B81A00AD801B /* ViewController.m */; };
		36F346C11AA5B81A00AD801B /* Main.storyboard in Resources */ = {isa = PBXBuildFile; fileRef = 36F346BF1AA5B81A00AD801B /* Main.storyboard */; };
		36F346C31AA5B81A00AD801B /* Images.xcassets in Resources */ = {isa = PBXBuildFile; fileRef = 36F346C21AA5B81A00AD801B /* Images.xcassets */; };
		36F346C61AA5B81A00AD801B /* LaunchScreen.xib in Resources */ = {isa = PBXBuildFile; fileRef = 36F346C41AA5B81A00AD801B /* LaunchScreen.xib */; };
		36F346D21AA5B81A00AD801B /* CustomPageControlDemoTests.m in Sources */ = {isa = PBXBuildFile; fileRef = 36F346D11AA5B81A00AD801B /* CustomPageControlDemoTests.m */; };
		36F346DE1AA5B83C00AD801B /* CustomPageControl.m in Sources */ = {isa = PBXBuildFile; fileRef = 36F346DD1AA5B83C00AD801B /* CustomPageControl.m */; };
		36F346E51AA5B93A00AD801B /* normalImg.png in Resources */ = {isa = PBXBuildFile; fileRef = 36F346E11AA5B93A00AD801B /* normalImg.png */; };
		36F346E61AA5B93A00AD801B /* normalImg@2x.png in Resources */ = {isa = PBXBuildFile; fileRef = 36F346E21AA5B93A00AD801B /* normalImg@2x.png */; };
		36F346E71AA5B93A00AD801B /* selectedImg.png in Resources */ = {isa = PBXBuildFile; fileRef = 36F346E31AA5B93A00AD801B /* selectedImg.png */; };
		36F346E81AA5B93A00AD801B /* selectedImg@2x.png in Resources */ = {isa = PBXBuildFile; fileRef = 36F346E41AA5B93A00AD801B /* selectedImg@2x.png */; };
/* End PBXBuildFile section */

/* Begin PBXContainerItemProxy section */
		36F346CC1AA5B81A00AD801B /* PBXContainerItemProxy */ = {
			isa = PBXContainerItemProxy;
			containerPortal = 36F346AA1AA5B81900AD801B /* Project object */;
			proxyType = 1;
			remoteGlobalIDString = 36F346B11AA5B81900AD801B;
			remoteInfo = CustomPageControlDemo;
		};
/* End PBXContainerItemProxy section */

/* Begin PBXFileReference section */
		36F346B21AA5B81900AD801B /* CustomPageControlDemo.app */ = {isa = PBXFileReference; explicitFileType = wrapper.application; includeInIndex = 0; path = CustomPageControlDemo.app; sourceTree = BUILT_PRODUCTS_DIR; };
		36F346B61AA5B81900AD801B /* Info.plist */ = {isa = PBXFileReference; lastKnownFileType = text.plist.xml; path = Info.plist; sourceTree = "<group>"; };
		36F346B71AA5B81900AD801B /* main.m */ = {isa = PBXFileReference; lastKnownFileType = sourcecode.c.objc; path = main.m; sourceTree = "<group>"; };
		36F346B91AA5B81900AD801B /* AppDelegate.h */ = {isa = PBXFileReference; lastKnownFileType = sourcecode.c.h; path = AppDelegate.h; sourceTree = "<group>"; };
		36F346BA1AA5B81A00AD801B /* AppDelegate.m */ = {isa = PBXFileReference; lastKnownFileType = sourcecode.c.objc; path = AppDelegate.m; sourceTree = "<group>"; };
		36F346BC1AA5B81A00AD801B /* ViewController.h */ = {isa = PBXFileReference; lastKnownFileType = sourcecode.c.h; path = ViewController.h; sourceTree = "<group>"; };
		36F346BD1AA5B81A00AD801B /* ViewController.m */ = {isa = PBXFileReference; lastKnownFileType = sourcecode.c.objc; path = ViewController.m; sourceTree = "<group>"; };
		36F346C01AA5B81A00AD801B /* Base */ = {isa = PBXFileReference; lastKnownFileType = file.storyboard; name = Base; path = Base.lproj/Main.storyboard; sourceTree = "<group>"; };
		36F346C21AA5B81A00AD801B /* Images.xcassets */ = {isa = PBXFileReference; lastKnownFileType = folder.assetcatalog; path = Images.xcassets; sourceTree = "<group>"; };
		36F346C51AA5B81A00AD801B /* Base */ = {isa = PBXFileReference; lastKnownFileType = file.xib; name = Base; path = Base.lproj/LaunchScreen.xib; sourceTree = "<group>"; };
		36F346CB1AA5B81A00AD801B /* CustomPageControlDemoTests.xctest */ = {isa = PBXFileReference; explicitFileType = wrapper.cfbundle; includeInIndex = 0; path = CustomPageControlDemoTests.xctest; sourceTree = BUILT_PRODUCTS_DIR; };
		36F346D01AA5B81A00AD801B /* Info.plist */ = {isa = PBXFileReference; lastKnownFileType = text.plist.xml; path = Info.plist; sourceTree = "<group>"; };
		36F346D11AA5B81A00AD801B /* CustomPageControlDemoTests.m */ = {isa = PBXFileReference; lastKnownFileType = sourcecode.c.objc; path = CustomPageControlDemoTests.m; sourceTree = "<group>"; };
		36F346DC1AA5B83C00AD801B /* CustomPageControl.h */ = {isa = PBXFileReference; fileEncoding = 4; lastKnownFileType = sourcecode.c.h; path = CustomPageControl.h; sourceTree = "<group>"; };
		36F346DD1AA5B83C00AD801B /* CustomPageControl.m */ = {isa = PBXFileReference; fileEncoding = 4; lastKnownFileType = sourcecode.c.objc; path = CustomPageControl.m; sourceTree = "<group>"; };
		36F346E11AA5B93A00AD801B /* normalImg.png */ = {isa = PBXFileReference; lastKnownFileType = image.png; path = normalImg.png; sourceTree = "<group>"; };
		36F346E21AA5B93A00AD801B /* normalImg@2x.png */ = {isa = PBXFileReference; lastKnownFileType = image.png; path = "normalImg@2x.png"; sourceTree = "<group>"; };
		36F346E31AA5B93A00AD801B /* selectedImg.png */ = {isa = PBXFileReference; lastKnownFileType = image.png; path = selectedImg.png; sourceTree = "<group>"; };
		36F346E41AA5B93A00AD801B /* selectedImg@2x.png */ = {isa = PBXFileReference; lastKnownFileType = image.png; path = "selectedImg@2x.png"; sourceTree = "<group>"; };
/* End PBXFileReference section */

/* Begin PBXFrameworksBuildPhase section */
		36F346AF1AA5B81900AD801B /* Frameworks */ = {
			isa = PBXFrameworksBuildPhase;
			buildActionMask = 2147483647;
			files = (
			);
			runOnlyForDeploymentPostprocessing = 0;
		};
		36F346C81AA5B81A00AD801B /* Frameworks */ = {
			isa = PBXFrameworksBuildPhase;
			buildActionMask = 2147483647;
			files = (
			);
			runOnlyForDeploymentPostprocessing = 0;
		};
/* End PBXFrameworksBuildPhase section */

/* Begin PBXGroup section */
		36F346A91AA5B81900AD801B = {
			isa = PBXGroup;
			children = (
				36F346DB1AA5B83C00AD801B /* CustomPageControl */,
				36F346B41AA5B81900AD801B /* CustomPageControlDemo */,
				36F346CE1AA5B81A00AD801B /* CustomPageControlDemoTests */,
				36F346B31AA5B81900AD801B /* Products */,
			);
			sourceTree = "<group>";
		};
		36F346B31AA5B81900AD801B /* Products */ = {
			isa = PBXGroup;
			children = (
				36F346B21AA5B81900AD801B /* CustomPageControlDemo.app */,
				36F346CB1AA5B81A00AD801B /* CustomPageControlDemoTests.xctest */,
			);
			name = Products;
			sourceTree = "<group>";
		};
		36F346B41AA5B81900AD801B /* CustomPageControlDemo */ = {
			isa = PBXGroup;
			children = (
				36F346B91AA5B81900AD801B /* AppDelegate.h */,
				36F346BA1AA5B81A00AD801B /* AppDelegate.m */,
				36F346BC1AA5B81A00AD801B /* ViewController.h */,
				36F346BD1AA5B81A00AD801B /* ViewController.m */,
				36F346BF1AA5B81A00AD801B /* Main.storyboard */,
				36F346C21AA5B81A00AD801B /* Images.xcassets */,
				36F346C41AA5B81A00AD801B /* LaunchScreen.xib */,
				36F346DF1AA5B93A00AD801B /* Resources */,
				36F346B51AA5B81900AD801B /* Supporting Files */,
			);
			path = CustomPageControlDemo;
			sourceTree = "<group>";
		};
		36F346B51AA5B81900AD801B /* Supporting Files */ = {
			isa = PBXGroup;
			children = (
				36F346B61AA5B81900AD801B /* Info.plist */,
				36F346B71AA5B81900AD801B /* main.m */,
			);
			name = "Supporting Files";
			sourceTree = "<group>";
		};
		36F346CE1AA5B81A00AD801B /* CustomPageControlDemoTests */ = {
			isa = PBXGroup;
			children = (
				36F346D11AA5B81A00AD801B /* CustomPageControlDemoTests.m */,
				36F346CF1AA5B81A00AD801B /* Supporting Files */,
			);
			path = CustomPageControlDemoTests;
			sourceTree = "<group>";
		};
		36F346CF1AA5B81A00AD801B /* Supporting Files */ = {
			isa = PBXGroup;
			children = (
				36F346D01AA5B81A00AD801B /* Info.plist */,
			);
			name = "Supporting Files";
			sourceTree = "<group>";
		};
		36F346DB1AA5B83C00AD801B /* CustomPageControl */ = {
			isa = PBXGroup;
			children = (
				36F346DC1AA5B83C00AD801B /* CustomPageControl.h */,
				36F346DD1AA5B83C00AD801B /* CustomPageControl.m */,
			);
			path = CustomPageControl;
			sourceTree = "<group>";
		};
		36F346DF1AA5B93A00AD801B /* Resources */ = {
			isa = PBXGroup;
			children = (
				36F346E01AA5B93A00AD801B /* image */,
			);
			path = Resources;
			sourceTree = "<group>";
		};
		36F346E01AA5B93A00AD801B /* image */ = {
			isa = PBXGroup;
			children = (
				36F346E11AA5B93A00AD801B /* normalImg.png */,
				36F346E21AA5B93A00AD801B /* normalImg@2x.png */,
				36F346E31AA5B93A00AD801B /* selectedImg.png */,
				36F346E41AA5B93A00AD801B /* selectedImg@2x.png */,
			);
			path = image;
			sourceTree = "<group>";
		};
/* End PBXGroup section */

/* Begin PBXNativeTarget section */
		36F346B11AA5B81900AD801B /* CustomPageControlDemo */ = {
			isa = PBXNativeTarget;
			buildConfigurationList = 36F346D51AA5B81A00AD801B /* Build configuration list for PBXNativeTarget "CustomPageControlDemo" */;
			buildPhases = (
				36F346AE1AA5B81900AD801B /* Sources */,
				36F346AF1AA5B81900AD801B /* Frameworks */,
				36F346B01AA5B81900AD801B /* Resources */,
			);
			buildRules = (
			);
			dependencies = (
			);
			name = CustomPageControlDemo;
			productName = CustomPageControlDemo;
			productReference = 36F346B21AA5B81900AD801B /* CustomPageControlDemo.app */;
			productType = "com.apple.product-type.application";
		};
		36F346CA1AA5B81A00AD801B /* CustomPageControlDemoTests */ = {
			isa = PBXNativeTarget;
			buildConfigurationList = 36F346D81AA5B81A00AD801B /* Build configuration list for PBXNativeTarget "CustomPageControlDemoTests" */;
			buildPhases = (
				36F346C71AA5B81A00AD801B /* Sources */,
				36F346C81AA5B81A00AD801B /* Frameworks */,
				36F346C91AA5B81A00AD801B /* Resources */,
			);
			buildRules = (
			);
			dependencies = (
				36F346CD1AA5B81A00AD801B /* PBXTargetDependency */,
			);
			name = CustomPageControlDemoTests;
			productName = CustomPageControlDemoTests;
			productReference = 36F346CB1AA5B81A00AD801B /* CustomPageControlDemoTests.xctest */;
			productType = "com.apple.product-type.bundle.unit-test";
		};
/* End PBXNativeTarget section */

/* Begin PBXProject section */
		36F346AA1AA5B81900AD801B /* Project object */ = {
			isa = PBXProject;
			attributes = {
				LastUpgradeCheck = 0610;
				ORGANIZATIONNAME = DQB;
				TargetAttributes = {
					36F346B11AA5B81900AD801B = {
						CreatedOnToolsVersion = 6.1.1;
					};
					36F346CA1AA5B81A00AD801B = {
						CreatedOnToolsVersion = 6.1.1;
						TestTargetID = 36F346B11AA5B81900AD801B;
					};
				};
			};
			buildConfigurationList = 36F346AD1AA5B81900AD801B /* Build configuration list for PBXProject "CustomPageControlDemo" */;
			compatibilityVersion = "Xcode 3.2";
			developmentRegion = English;
			hasScannedForEncodings = 0;
			knownRegions = (
				en,
				Base,
			);
			mainGroup = 36F346A91AA5B81900AD801B;
			productRefGroup = 36F346B31AA5B81900AD801B /* Products */;
			projectDirPath = "";
			projectRoot = "";
			targets = (
				36F346B11AA5B81900AD801B /* CustomPageControlDemo */,
				36F346CA1AA5B81A00AD801B /* CustomPageControlDemoTests */,
			);
		};
/* End PBXProject section */

/* Begin PBXResourcesBuildPhase section */
		36F346B01AA5B81900AD801B /* Resources */ = {
			isa = PBXResourcesBuildPhase;
			buildActionMask = 2147483647;
			files = (
				36F346C11AA5B81A00AD801B /* Main.storyboard in Resources */,
				36F346E61AA5B93A00AD801B /* normalImg@2x.png in Resources */,
				36F346C61AA5B81A00AD801B /* LaunchScreen.xib in Resources */,
				36F346E51AA5B93A00AD801B /* normalImg.png in Resources */,
				36F346E81AA5B93A00AD801B /* selectedImg@2x.png in Resources */,
				36F346E71AA5B93A00AD801B /* selectedImg.png in Resources */,
				36F346C31AA5B81A00AD801B /* Images.xcassets in Resources */,
			);
			runOnlyForDeploymentPostprocessing = 0;
		};
		36F346C91AA5B81A00AD801B /* Resources */ = {
			isa = PBXResourcesBuildPhase;
			buildActionMask = 2147483647;
			files = (
			);
			runOnlyForDeploymentPostprocessing = 0;
		};
/* End PBXResourcesBuildPhase section */

/* Begin PBXSourcesBuildPhase section */
		36F346AE1AA5B81900AD801B /* Sources */ = {
			isa = PBXSourcesBuildPhase;
			buildActionMask = 2147483647;
			files = (
				36F346BE1AA5B81A00AD801B /* ViewController.m in Sources */,
				36F346BB1AA5B81A00AD801B /* AppDelegate.m in Sources */,
				36F346B81AA5B81900AD801B /* main.m in Sources */,
				36F346DE1AA5B83C00AD801B /* CustomPageControl.m in Sources */,
			);
			runOnlyForDeploymentPostprocessing = 0;
		};
		36F346C71AA5B81A00AD801B /* Sources */ = {
			isa = PBXSourcesBuildPhase;
			buildActionMask = 2147483647;
			files = (
				36F346D21AA5B81A00AD801B /* CustomPageControlDemoTests.m in Sources */,
			);
			runOnlyForDeploymentPostprocessing = 0;
		};
/* End PBXSourcesBuildPhase section */

/* Begin PBXTargetDependency section */
		36F346CD1AA5B81A00AD801B /* PBXTargetDependency */ = {
			isa = PBXTargetDependency;
			target = 36F346B11AA5B81900AD801B /* CustomPageControlDemo */;
			targetProxy = 36F346CC1AA5B81A00AD801B /* PBXContainerItemProxy */;
		};
/* End PBXTargetDependency section */

/* Begin PBXVariantGroup section */
		36F346BF1AA5B81A00AD801B /* Main.storyboard */ = {
			isa = PBXVariantGroup;
			children = (
				36F346C01AA5B81A00AD801B /* Base */,
			);
			name = Main.storyboard;
			sourceTree = "<group>";
		};
		36F346C41AA5B81A00AD801B /* LaunchScreen.xib */ = {
			isa = PBXVariantGroup;
			children = (
				36F346C51AA5B81A00AD801B /* Base */,
			);
			name = LaunchScreen.xib;
			sourceTree = "<group>";
		};
/* End PBXVariantGroup section */

/* Begin XCBuildConfiguration section */
		36F346D31AA5B81A00AD801B /* Debug */ = {
			isa = XCBuildConfiguration;
			buildSettings = {
				ALWAYS_SEARCH_USER_PATHS = NO;
				CLANG_CXX_LANGUAGE_STANDARD = "gnu++0x";
				CLANG_CXX_LIBRARY = "libc++";
				CLANG_ENABLE_MODULES = YES;
				CLANG_ENABLE_OBJC_ARC = YES;
				CLANG_WARN_BOOL_CONVERSION = YES;
				CLANG_WARN_CONSTANT_CONVERSION = YES;
				CLANG_WARN_DIRECT_OBJC_ISA_USAGE = YES_ERROR;
				CLANG_WARN_EMPTY_BODY = YES;
				CLANG_WARN_ENUM_CONVERSION = YES;
				CLANG_WARN_INT_CONVERSION = YES;
				CLANG_WARN_OBJC_ROOT_CLASS = YES_ERROR;
				CLANG_WARN_UNREACHABLE_CODE = YES;
				CLANG_WARN__DUPLICATE_METHOD_MATCH = YES;
				"CODE_SIGN_IDENTITY[sdk=iphoneos*]" = "iPhone Developer";
				COPY_PHASE_STRIP = NO;
				ENABLE_STRICT_OBJC_MSGSEND = YES;
				GCC_C_LANGUAGE_STANDARD = gnu99;
				GCC_DYNAMIC_NO_PIC = NO;
				GCC_OPTIMIZATION_LEVEL = 0;
				GCC_PREPROCESSOR_DEFINITIONS = (
					"DEBUG=1",
					"$(inherited)",
				);
				GCC_SYMBOLS_PRIVATE_EXTERN = NO;
				GCC_WARN_64_TO_32_BIT_CONVERSION = YES;
				GCC_WARN_ABOUT_RETURN_TYPE = YES_ERROR;
				GCC_WARN_UNDECLARED_SELECTOR = YES;
				GCC_WARN_UNINITIALIZED_AUTOS = YES_AGGRESSIVE;
				GCC_WARN_UNUSED_FUNCTION = YES;
				GCC_WARN_UNUSED_VARIABLE = YES;
				IPHONEOS_DEPLOYMENT_TARGET = 8.1;
				MTL_ENABLE_DEBUG_INFO = YES;
				ONLY_ACTIVE_ARCH = YES;
				SDKROOT = iphoneos;
				TARGETED_DEVICE_FAMILY = "1,2";
			};
			name = Debug;
		};
		36F346D41AA5B81A00AD801B /* Release */ = {
			isa = XCBuildConfiguration;
			buildSettings = {
				ALWAYS_SEARCH_USER_PATHS = NO;
				CLANG_CXX_LANGUAGE_STANDARD = "gnu++0x";
				CLANG_CXX_LIBRARY = "libc++";
				CLANG_ENABLE_MODULES = YES;
				CLANG_ENABLE_OBJC_ARC = YES;
				CLANG_WARN_BOOL_CONVERSION = YES;
				CLANG_WARN_CONSTANT_CONVERSION = YES;
				CLANG_WARN_DIRECT_OBJC_ISA_USAGE = YES_ERROR;
				CLANG_WARN_EMPTY_BODY = YES;
				CLANG_WARN_ENUM_CONVERSION = YES;
				CLANG_WARN_INT_CONVERSION = YES;
				CLANG_WARN_OBJC_ROOT_CLASS = YES_ERROR;
				CLANG_WARN_UNREACHABLE_CODE = YES;
				CLANG_WARN__DUPLICATE_METHOD_MATCH = YES;
				"CODE_SIGN_IDENTITY[sdk=iphoneos*]" = "iPhone Developer";
				COPY_PHASE_STRIP = YES;
				ENABLE_NS_ASSERTIONS = NO;
				ENABLE_STRICT_OBJC_MSGSEND = YES;
				GCC_C_LANGUAGE_STANDARD = gnu99;
				GCC_WARN_64_TO_32_BIT_CONVERSION = YES;
				GCC_WARN_ABOUT_RETURN_TYPE = YES_ERROR;
				GCC_WARN_UNDECLARED_SELECTOR = YES;
				GCC_WARN_UNINITIALIZED_AUTOS = YES_AGGRESSIVE;
				GCC_WARN_UNUSED_FUNCTION = YES;
				GCC_WARN_UNUSED_VARIABLE = YES;
				IPHONEOS_DEPLOYMENT_TARGET = 8.1;
				MTL_ENABLE_DEBUG_INFO = NO;
				SDKROOT = iphoneos;
				TARGETED_DEVICE_FAMILY = "1,2";
				VALIDATE_PRODUCT = YES;
			};
			name = Release;
		};
		36F346D61AA5B81A00AD801B /* Debug */ = {
			isa = XCBuildConfiguration;
			buildSettings = {
				ASSETCATALOG_COMPILER_APPICON_NAME = AppIcon;
				INFOPLIST_FILE = CustomPageControlDemo/Info.plist;
				LD_RUNPATH_SEARCH_PATHS = "$(inherited) @executable_path/Frameworks";
				PRODUCT_NAME = "$(TARGET_NAME)";
			};
			name = Debug;
		};
		36F346D71AA5B81A00AD801B /* Release */ = {
			isa = XCBuildConfiguration;
			buildSettings = {
				ASSETCATALOG_COMPILER_APPICON_NAME = AppIcon;
				INFOPLIST_FILE = CustomPageControlDemo/Info.plist;
				LD_RUNPATH_SEARCH_PATHS = "$(inherited) @executable_path/Frameworks";
				PRODUCT_NAME = "$(TARGET_NAME)";
			};
			name = Release;
		};
		36F346D91AA5B81A00AD801B /* Debug */ = {
			isa = XCBuildConfiguration;
			buildSettings = {
				BUNDLE_LOADER = "$(TEST_HOST)";
				FRAMEWORK_SEARCH_PATHS = (
					"$(SDKROOT)/Developer/Library/Frameworks",
					"$(inherited)",
				);
				GCC_PREPROCESSOR_DEFINITIONS = (
					"DEBUG=1",
					"$(inherited)",
				);
				INFOPLIST_FILE = CustomPageControlDemoTests/Info.plist;
				LD_RUNPATH_SEARCH_PATHS = "$(inherited) @executable_path/Frameworks @loader_path/Frameworks";
				PRODUCT_NAME = "$(TARGET_NAME)";
				TEST_HOST = "$(BUILT_PRODUCTS_DIR)/CustomPageControlDemo.app/CustomPageControlDemo";
			};
			name = Debug;
		};
		36F346DA1AA5B81A00AD801B /* Release */ = {
			isa = XCBuildConfiguration;
			buildSettings = {
				BUNDLE_LOADER = "$(TEST_HOST)";
				FRAMEWORK_SEARCH_PATHS = (
					"$(SDKROOT)/Developer/Library/Frameworks",
					"$(inherited)",
				);
				INFOPLIST_FILE = CustomPageControlDemoTests/Info.plist;
				LD_RUNPATH_SEARCH_PATHS = "$(inherited) @executable_path/Frameworks @loader_path/Frameworks";
				PRODUCT_NAME = "$(TARGET_NAME)";
				TEST_HOST = "$(BUILT_PRODUCTS_DIR)/CustomPageControlDemo.app/CustomPageControlDemo";
			};
			name = Release;
		};
/* End XCBuildConfiguration section */

/* Begin XCConfigurationList section */
		36F346AD1AA5B81900AD801B /* Build configuration list for PBXProject "CustomPageControlDemo" */ = {
			isa = XCConfigurationList;
			buildConfigurations = (
				36F346D31AA5B81A00AD801B /* Debug */,
				36F346D41AA5B81A00AD801B /* Release */,
			);
			defaultConfigurationIsVisible = 0;
			defaultConfigurationName = Release;
		};
		36F346D51AA5B81A00AD801B /* Build configuration list for PBXNativeTarget "CustomPageControlDemo" */ = {
			isa = XCConfigurationList;
			buildConfigurations = (
				36F346D61AA5B81A00AD801B /* Debug */,
				36F346D71AA5B81A00AD801B /* Release */,
			);
			defaultConfigurationIsVisible = 0;
		};
		36F346D81AA5B81A00AD801B /* Build configuration list for PBXNativeTarget "CustomPageControlDemoTests" */ = {
			isa = XCConfigurationList;
			buildConfigurations = (
				36F346D91AA5B81A00AD801B /* Debug */,
				36F346DA1AA5B81A00AD801B /* Release */,
			);
			defaultConfigurationIsVisible = 0;
		};
/* End XCConfigurationList section */
	};
	rootObject = 36F346AA1AA5B81900AD801B /* Project object */;
}
